<?xml version="1.0" encoding="utf-8"?>
<Project ToolsVersion="4.0" xmlns="http://schemas.microsoft.com/developer/msbuild/2003">
  <ItemGroup>
    <ClCompile Include="ModuleInput.cpp">
      <Filter>Core Modules</Filter>
    </ClCompile>
    <ClCompile Include="ModuleRenderer.cpp">
      <Filter>Core Modules</Filter>
    </ClCompile>
    <ClCompile Include="ModuleWindow.cpp">
      <Filter>Core Modules</Filter>
    </ClCompile>
    <ClCompile Include="Application.cpp">
      <Filter>Main</Filter>
    </ClCompile>
    <ClCompile Include="Main.cpp">
      <Filter>Main</Filter>
    </ClCompile>
    <ClCompile Include="Log.cpp">
      <Filter>Utils</Filter>
    </ClCompile>
    <ClCompile Include="ModuleImGui.cpp">
      <Filter>Core Modules</Filter>
    </ClCompile>
    <ClCompile Include="imgui-1.53\imgui.cpp">
      <Filter>Tools\ImGui</Filter>
    </ClCompile>
    <ClCompile Include="imgui-1.53\imgui_demo.cpp">
      <Filter>Tools\ImGui</Filter>
    </ClCompile>
    <ClCompile Include="imgui-1.53\imgui_draw.cpp">
      <Filter>Tools\ImGui</Filter>
    </ClCompile>
    <ClCompile Include="imgui-1.53\imgui_impl_sdl_gl3.cpp">
      <Filter>Tools\ImGui</Filter>
    </ClCompile>
    <ClCompile Include="Mathgeolib\include\Algorithm\Random\LCG.cpp">
      <Filter>Tools\MathGeoLib\extras</Filter>
    </ClCompile>
    <ClCompile Include="Mathgeolib\include\Geometry\AABB.cpp">
      <Filter>Tools\MathGeoLib\extras</Filter>
    </ClCompile>
    <ClCompile Include="Mathgeolib\include\Geometry\Capsule.cpp">
      <Filter>Tools\MathGeoLib\extras</Filter>
    </ClCompile>
    <ClCompile Include="Mathgeolib\include\Geometry\Circle.cpp">
      <Filter>Tools\MathGeoLib\extras</Filter>
    </ClCompile>
    <ClCompile Include="Mathgeolib\include\Geometry\Frustum.cpp">
      <Filter>Tools\MathGeoLib\extras</Filter>
    </ClCompile>
    <ClCompile Include="Mathgeolib\include\Geometry\Line.cpp">
      <Filter>Tools\MathGeoLib\extras</Filter>
    </ClCompile>
    <ClCompile Include="Mathgeolib\include\Geometry\LineSegment.cpp">
      <Filter>Tools\MathGeoLib\extras</Filter>
    </ClCompile>
    <ClCompile Include="Mathgeolib\include\Geometry\OBB.cpp">
      <Filter>Tools\MathGeoLib\extras</Filter>
    </ClCompile>
    <ClCompile Include="Mathgeolib\include\Geometry\Plane.cpp">
      <Filter>Tools\MathGeoLib\extras</Filter>
    </ClCompile>
    <ClCompile Include="Mathgeolib\include\Geometry\Polygon.cpp">
      <Filter>Tools\MathGeoLib\extras</Filter>
    </ClCompile>
    <ClCompile Include="Mathgeolib\include\Geometry\Polyhedron.cpp">
      <Filter>Tools\MathGeoLib\extras</Filter>
    </ClCompile>
    <ClCompile Include="Mathgeolib\include\Geometry\Ray.cpp">
      <Filter>Tools\MathGeoLib\extras</Filter>
    </ClCompile>
    <ClCompile Include="Mathgeolib\include\Geometry\Sphere.cpp">
      <Filter>Tools\MathGeoLib\extras</Filter>
    </ClCompile>
    <ClCompile Include="Mathgeolib\include\Geometry\Triangle.cpp">
      <Filter>Tools\MathGeoLib\extras</Filter>
    </ClCompile>
    <ClCompile Include="Mathgeolib\include\Geometry\TriangleMesh.cpp">
      <Filter>Tools\MathGeoLib\extras</Filter>
    </ClCompile>
    <ClCompile Include="Mathgeolib\include\Math\BitOps.cpp">
      <Filter>Tools\MathGeoLib\extras</Filter>
    </ClCompile>
    <ClCompile Include="Mathgeolib\include\Math\float2.cpp">
      <Filter>Tools\MathGeoLib\extras</Filter>
    </ClCompile>
    <ClCompile Include="Mathgeolib\include\Math\float3.cpp">
      <Filter>Tools\MathGeoLib\extras</Filter>
    </ClCompile>
    <ClCompile Include="Mathgeolib\include\Math\float3x3.cpp">
      <Filter>Tools\MathGeoLib\extras</Filter>
    </ClCompile>
    <ClCompile Include="Mathgeolib\include\Math\float3x4.cpp">
      <Filter>Tools\MathGeoLib\extras</Filter>
    </ClCompile>
    <ClCompile Include="Mathgeolib\include\Math\float4.cpp">
      <Filter>Tools\MathGeoLib\extras</Filter>
    </ClCompile>
    <ClCompile Include="Mathgeolib\include\Math\float4x4.cpp">
      <Filter>Tools\MathGeoLib\extras</Filter>
    </ClCompile>
    <ClCompile Include="Mathgeolib\include\Math\MathFunc.cpp">
      <Filter>Tools\MathGeoLib\extras</Filter>
    </ClCompile>
    <ClCompile Include="Mathgeolib\include\Math\MathLog.cpp">
      <Filter>Tools\MathGeoLib\extras</Filter>
    </ClCompile>
    <ClCompile Include="Mathgeolib\include\Math\MathOps.cpp">
      <Filter>Tools\MathGeoLib\extras</Filter>
    </ClCompile>
    <ClCompile Include="Mathgeolib\include\Math\Polynomial.cpp">
      <Filter>Tools\MathGeoLib\extras</Filter>
    </ClCompile>
    <ClCompile Include="Mathgeolib\include\Math\Quat.cpp">
      <Filter>Tools\MathGeoLib\extras</Filter>
    </ClCompile>
    <ClCompile Include="Mathgeolib\include\Math\SSEMath.cpp">
      <Filter>Tools\MathGeoLib\extras</Filter>
    </ClCompile>
    <ClCompile Include="Mathgeolib\include\Math\TransformOps.cpp">
      <Filter>Tools\MathGeoLib\extras</Filter>
    </ClCompile>
    <ClCompile Include="Mathgeolib\include\Time\Clock.cpp">
      <Filter>Tools\MathGeoLib\extras</Filter>
    </ClCompile>
    <ClCompile Include="ModuleCamera.cpp">
      <Filter>Core Modules</Filter>
    </ClCompile>
    <ClCompile Include="Timer.cpp">
      <Filter>Tools</Filter>
    </ClCompile>
    <ClCompile Include="ModuleTimeManager.cpp">
      <Filter>Core Modules</Filter>
    </ClCompile>
    <ClCompile Include="ModuleTextures.cpp">
      <Filter>Core Modules</Filter>
    </ClCompile>
    <ClCompile Include="ModuleScene.cpp">
      <Filter>Core Modules</Filter>
    </ClCompile>
    <ClCompile Include="Component.cpp">
      <Filter>CoreClasses</Filter>
    </ClCompile>
    <ClCompile Include="ComponentMaterial.cpp">
      <Filter>CoreClasses</Filter>
    </ClCompile>
    <ClCompile Include="ComponentMesh.cpp">
      <Filter>CoreClasses</Filter>
    </ClCompile>
    <ClCompile Include="ComponentTransform.cpp">
      <Filter>CoreClasses</Filter>
    </ClCompile>
    <ClCompile Include="GameObject.cpp">
      <Filter>CoreClasses</Filter>
    </ClCompile>
  </ItemGroup>
  <ItemGroup>
    <ClInclude Include="Module.h">
      <Filter>Core Modules</Filter>
    </ClInclude>
    <ClInclude Include="ModuleInput.h">
      <Filter>Core Modules</Filter>
    </ClInclude>
    <ClInclude Include="ModuleRenderer.h">
      <Filter>Core Modules</Filter>
    </ClInclude>
    <ClInclude Include="ModuleWindow.h">
      <Filter>Core Modules</Filter>
    </ClInclude>
    <ClInclude Include="Application.h">
      <Filter>Main</Filter>
    </ClInclude>
    <ClInclude Include="Globals.h">
      <Filter>Main</Filter>
    </ClInclude>
    <ClInclude Include="OpenGL.h">
      <Filter>Utils</Filter>
    </ClInclude>
    <ClInclude Include="..\..\..\Outrun1986-\Point.h">
      <Filter>Utils</Filter>
    </ClInclude>
    <ClInclude Include="Quad.h">
      <Filter>Utils</Filter>
    </ClInclude>
    <ClInclude Include="ModuleImGui.h">
      <Filter>Core Modules</Filter>
    </ClInclude>
    <ClInclude Include="Sphere.h">
      <Filter>Utils</Filter>
    </ClInclude>
    <ClInclude Include="Mathgeolib\include\MathBuildConfig.h">
      <Filter>Tools\MathGeoLib</Filter>
    </ClInclude>
    <ClInclude Include="Mathgeolib\include\MathGeoLib.h">
      <Filter>Tools\MathGeoLib</Filter>
    </ClInclude>
    <ClInclude Include="Mathgeolib\include\MathGeoLibFwd.h">
      <Filter>Tools\MathGeoLib</Filter>
    </ClInclude>
    <ClInclude Include="Mathgeolib\include\Algorithm\Random\LCG.h">
      <Filter>Tools\MathGeoLib\extras</Filter>
    </ClInclude>
    <ClInclude Include="Mathgeolib\include\Geometry\AABB.h">
      <Filter>Tools\MathGeoLib\extras</Filter>
    </ClInclude>
    <ClInclude Include="Mathgeolib\include\Geometry\AABB2D.h">
      <Filter>Tools\MathGeoLib\extras</Filter>
    </ClInclude>
    <ClInclude Include="Mathgeolib\include\Geometry\Capsule.h">
      <Filter>Tools\MathGeoLib\extras</Filter>
    </ClInclude>
    <ClInclude Include="Mathgeolib\include\Geometry\Circle.h">
      <Filter>Tools\MathGeoLib\extras</Filter>
    </ClInclude>
    <ClInclude Include="Mathgeolib\include\Geometry\Frustum.h">
      <Filter>Tools\MathGeoLib\extras</Filter>
    </ClInclude>
    <ClInclude Include="Mathgeolib\include\Geometry\GeometryAll.h">
      <Filter>Tools\MathGeoLib\extras</Filter>
    </ClInclude>
    <ClInclude Include="Mathgeolib\include\Geometry\GeomType.h">
      <Filter>Tools\MathGeoLib\extras</Filter>
    </ClInclude>
    <ClInclude Include="Mathgeolib\include\Geometry\HitInfo.h">
      <Filter>Tools\MathGeoLib\extras</Filter>
    </ClInclude>
    <ClInclude Include="Mathgeolib\include\Geometry\KDTree.h">
      <Filter>Tools\MathGeoLib\extras</Filter>
    </ClInclude>
    <ClInclude Include="Mathgeolib\include\Geometry\Line.h">
      <Filter>Tools\MathGeoLib\extras</Filter>
    </ClInclude>
    <ClInclude Include="Mathgeolib\include\Geometry\LineSegment.h">
      <Filter>Tools\MathGeoLib\extras</Filter>
    </ClInclude>
    <ClInclude Include="Mathgeolib\include\Geometry\OBB.h">
      <Filter>Tools\MathGeoLib\extras</Filter>
    </ClInclude>
    <ClInclude Include="Mathgeolib\include\Geometry\PBVolume.h">
      <Filter>Tools\MathGeoLib\extras</Filter>
    </ClInclude>
    <ClInclude Include="Mathgeolib\include\Geometry\Plane.h">
      <Filter>Tools\MathGeoLib\extras</Filter>
    </ClInclude>
    <ClInclude Include="Mathgeolib\include\Geometry\Polygon.h">
      <Filter>Tools\MathGeoLib\extras</Filter>
    </ClInclude>
    <ClInclude Include="Mathgeolib\include\Geometry\Polyhedron.h">
      <Filter>Tools\MathGeoLib\extras</Filter>
    </ClInclude>
    <ClInclude Include="Mathgeolib\include\Geometry\QuadTree.h">
      <Filter>Tools\MathGeoLib\extras</Filter>
    </ClInclude>
    <ClInclude Include="Mathgeolib\include\Geometry\Ray.h">
      <Filter>Tools\MathGeoLib\extras</Filter>
    </ClInclude>
    <ClInclude Include="Mathgeolib\include\Geometry\Sphere.h">
      <Filter>Tools\MathGeoLib\extras</Filter>
    </ClInclude>
    <ClInclude Include="Mathgeolib\include\Geometry\Triangle.h">
      <Filter>Tools\MathGeoLib\extras</Filter>
    </ClInclude>
    <ClInclude Include="Mathgeolib\include\Geometry\TriangleMesh.h">
      <Filter>Tools\MathGeoLib\extras</Filter>
    </ClInclude>
    <ClInclude Include="Mathgeolib\include\Math\assume.h">
      <Filter>Tools\MathGeoLib\extras</Filter>
    </ClInclude>
    <ClInclude Include="Mathgeolib\include\Math\BitOps.h">
      <Filter>Tools\MathGeoLib\extras</Filter>
    </ClInclude>
    <ClInclude Include="Mathgeolib\include\Math\Complex.h">
      <Filter>Tools\MathGeoLib\extras</Filter>
    </ClInclude>
    <ClInclude Include="Mathgeolib\include\Math\CoordinateAxisConvention.h">
      <Filter>Tools\MathGeoLib\extras</Filter>
    </ClInclude>
    <ClInclude Include="Mathgeolib\include\Math\FixedPoint.h">
      <Filter>Tools\MathGeoLib\extras</Filter>
    </ClInclude>
    <ClInclude Include="Mathgeolib\include\Math\float2.h">
      <Filter>Tools\MathGeoLib\extras</Filter>
    </ClInclude>
    <ClInclude Include="Mathgeolib\include\Math\float3.h">
      <Filter>Tools\MathGeoLib\extras</Filter>
    </ClInclude>
    <ClInclude Include="Mathgeolib\include\Math\float3x3.h">
      <Filter>Tools\MathGeoLib\extras</Filter>
    </ClInclude>
    <ClInclude Include="Mathgeolib\include\Math\float3x4.h">
      <Filter>Tools\MathGeoLib\extras</Filter>
    </ClInclude>
    <ClInclude Include="Mathgeolib\include\Math\float4.h">
      <Filter>Tools\MathGeoLib\extras</Filter>
    </ClInclude>
    <ClInclude Include="Mathgeolib\include\Math\float4_neon.h">
      <Filter>Tools\MathGeoLib\extras</Filter>
    </ClInclude>
    <ClInclude Include="Mathgeolib\include\Math\float4_sse.h">
      <Filter>Tools\MathGeoLib\extras</Filter>
    </ClInclude>
    <ClInclude Include="Mathgeolib\include\Math\float4x4.h">
      <Filter>Tools\MathGeoLib\extras</Filter>
    </ClInclude>
    <ClInclude Include="Mathgeolib\include\Math\float4x4_neon.h">
      <Filter>Tools\MathGeoLib\extras</Filter>
    </ClInclude>
    <ClInclude Include="Mathgeolib\include\Math\float4x4_sse.h">
      <Filter>Tools\MathGeoLib\extras</Filter>
    </ClInclude>
    <ClInclude Include="Mathgeolib\include\Math\FloatCmp.h">
      <Filter>Tools\MathGeoLib\extras</Filter>
    </ClInclude>
    <ClInclude Include="Mathgeolib\include\Math\MathAll.h">
      <Filter>Tools\MathGeoLib\extras</Filter>
    </ClInclude>
    <ClInclude Include="Mathgeolib\include\Math\MathConstants.h">
      <Filter>Tools\MathGeoLib\extras</Filter>
    </ClInclude>
    <ClInclude Include="Mathgeolib\include\Math\MathFunc.h">
      <Filter>Tools\MathGeoLib\extras</Filter>
    </ClInclude>
    <ClInclude Include="Mathgeolib\include\Math\MathLog.h">
      <Filter>Tools\MathGeoLib\extras</Filter>
    </ClInclude>
    <ClInclude Include="Mathgeolib\include\Math\MathNamespace.h">
      <Filter>Tools\MathGeoLib\extras</Filter>
    </ClInclude>
    <ClInclude Include="Mathgeolib\include\Math\MathTypes.h">
      <Filter>Tools\MathGeoLib\extras</Filter>
    </ClInclude>
    <ClInclude Include="Mathgeolib\include\Math\MatrixProxy.h">
      <Filter>Tools\MathGeoLib\extras</Filter>
    </ClInclude>
    <ClInclude Include="Mathgeolib\include\Math\myassert.h">
      <Filter>Tools\MathGeoLib\extras</Filter>
    </ClInclude>
    <ClInclude Include="Mathgeolib\include\Math\Polynomial.h">
      <Filter>Tools\MathGeoLib\extras</Filter>
    </ClInclude>
    <ClInclude Include="Mathgeolib\include\Math\Quat.h">
      <Filter>Tools\MathGeoLib\extras</Filter>
    </ClInclude>
    <ClInclude Include="Mathgeolib\include\Math\quat_simd.h">
      <Filter>Tools\MathGeoLib\extras</Filter>
    </ClInclude>
    <ClInclude Include="Mathgeolib\include\Math\Rect.h">
      <Filter>Tools\MathGeoLib\extras</Filter>
    </ClInclude>
    <ClInclude Include="Mathgeolib\include\Math\Reinterpret.h">
      <Filter>Tools\MathGeoLib\extras</Filter>
    </ClInclude>
    <ClInclude Include="Mathgeolib\include\Math\sse_mathfun.h">
      <Filter>Tools\MathGeoLib\extras</Filter>
    </ClInclude>
    <ClInclude Include="Mathgeolib\include\Math\SSEMath.h">
      <Filter>Tools\MathGeoLib\extras</Filter>
    </ClInclude>
    <ClInclude Include="Mathgeolib\include\Math\TransformOps.h">
      <Filter>Tools\MathGeoLib\extras</Filter>
    </ClInclude>
    <ClInclude Include="Mathgeolib\include\Time\Clock.h">
      <Filter>Tools\MathGeoLib\extras</Filter>
    </ClInclude>
    <ClInclude Include="ModuleCamera.h">
      <Filter>Core Modules</Filter>
    </ClInclude>
    <ClInclude Include="Timer.h">
      <Filter>Tools</Filter>
    </ClInclude>
    <ClInclude Include="ModuleTimerManager.h">
      <Filter>Core Modules</Filter>
    </ClInclude>
    <ClInclude Include="ModuleTextures.h">
      <Filter>Core Modules</Filter>
    </ClInclude>
    <ClInclude Include="DevIL\include\IL\devil_cpp_wrapper.hpp">
      <Filter>Tools\DevIL</Filter>
    </ClInclude>
    <ClInclude Include="DevIL\include\IL\devil_internal_exports.h">
      <Filter>Tools\DevIL</Filter>
    </ClInclude>
    <ClInclude Include="DevIL\include\IL\il.h">
      <Filter>Tools\DevIL</Filter>
    </ClInclude>
    <ClInclude Include="DevIL\include\IL\il_wrap.h">
      <Filter>Tools\DevIL</Filter>
    </ClInclude>
    <ClInclude Include="DevIL\include\IL\ilu.h">
      <Filter>Tools\DevIL</Filter>
    </ClInclude>
    <ClInclude Include="DevIL\include\IL\ilu_region.h">
      <Filter>Tools\DevIL</Filter>
    </ClInclude>
    <ClInclude Include="DevIL\include\IL\ilut.h">
      <Filter>Tools\DevIL</Filter>
    </ClInclude>
    <ClInclude Include="DevIL\include\IL\ilut_config.h">
      <Filter>Tools\DevIL</Filter>
    </ClInclude>
    <ClInclude Include="ModuleScene.h">
      <Filter>Core Modules</Filter>
    </ClInclude>
    <ClInclude Include="Component.h">
      <Filter>CoreClasses</Filter>
    </ClInclude>
    <ClInclude Include="ComponentMaterial.h">
      <Filter>CoreClasses</Filter>
    </ClInclude>
    <ClInclude Include="ComponentMesh.h">
      <Filter>CoreClasses</Filter>
    </ClInclude>
    <ClInclude Include="ComponentTransform.h">
      <Filter>CoreClasses</Filter>
    </ClInclude>
    <ClInclude Include="GameObject.h">
      <Filter>CoreClasses</Filter>
    </ClInclude>
  </ItemGroup>
  <ItemGroup>
    <Filter Include="Core Modules">
      <UniqueIdentifier>{76307c9d-9e18-4e3c-b2ac-6482ed729ac1}</UniqueIdentifier>
    </Filter>
    <Filter Include="Main">
      <UniqueIdentifier>{01990398-5ebc-4db5-a079-337c5872204e}</UniqueIdentifier>
    </Filter>
    <Filter Include="Utils">
      <UniqueIdentifier>{54d63224-7582-4967-af13-faf6d9fb6896}</UniqueIdentifier>
    </Filter>
    <Filter Include="Tools">
      <UniqueIdentifier>{5daf8790-d00d-4238-a5a9-5481544ea74e}</UniqueIdentifier>
    </Filter>
    <Filter Include="Tools\ImGui">
      <UniqueIdentifier>{dc834630-31fa-4058-9b35-b5ce874458df}</UniqueIdentifier>
    </Filter>
    <Filter Include="Tools\MathGeoLib">
      <UniqueIdentifier>{518663a2-fab0-4863-b5f4-7b2ccc11f4ae}</UniqueIdentifier>
    </Filter>
    <Filter Include="Tools\MathGeoLib\extras">
      <UniqueIdentifier>{736a41ac-0427-4592-b5ed-e9abc80ac705}</UniqueIdentifier>
    </Filter>
    <Filter Include="Tools\DevIL">
      <UniqueIdentifier>{ba033fd6-e8a6-47ac-a5e4-a63290c6eb20}</UniqueIdentifier>
    </Filter>
    <Filter Include="CoreClasses">
      <UniqueIdentifier>{5e3035f3-ba3c-4b78-9de0-9c636fddaa98}</UniqueIdentifier>
    </Filter>
  </ItemGroup>
  <ItemGroup>
    <None Include="Mathgeolib\include\Math\TriangleMesh_IntersectRay_SSE.inl">
      <Filter>Tools\MathGeoLib\extras</Filter>
    </None>
    <None Include="Mathgeolib\include\Math\TriangleMesh_IntersectRay_CPP.inl">
      <Filter>Tools\MathGeoLib\extras</Filter>
    </None>
    <None Include="Mathgeolib\include\Math\TriangleMesh_IntersectRay_AVX.inl">
      <Filter>Tools\MathGeoLib\extras</Filter>
    </None>
    <None Include="Mathgeolib\include\Math\Matrix.inl">
      <Filter>Tools\MathGeoLib\extras</Filter>
    </None>
    <None Include="Mathgeolib\include\Math\Matrix.inl">
      <Filter>Tools\MathGeoLib\extras</Filter>
    </None>
  </ItemGroup>
  <ItemGroup>
    <Library Include="DevIL\lib\x86\Release\DevIL.lib" />
    <Library Include="DevIL\lib\x86\Release\ILU.lib" />
    <Library Include="DevIL\lib\x86\Release\ILUT.lib" />
  </ItemGroup>
</Project>