<?xml version="1.0" encoding="utf-8"?>
<Project ToolsVersion="4.0" xmlns="http://schemas.microsoft.com/developer/msbuild/2003">
  <ItemGroup>
    <ClCompile Include="ModuleInput.cpp">
      <Filter>Core Modules</Filter>
    </ClCompile>
    <ClCompile Include="ModuleRenderer.cpp">
      <Filter>Core Modules</Filter>
    </ClCompile>
    <ClCompile Include="ModuleWindow.cpp">
      <Filter>Core Modules</Filter>
    </ClCompile>
    <ClCompile Include="Application.cpp">
      <Filter>Main</Filter>
    </ClCompile>
    <ClCompile Include="Main.cpp">
      <Filter>Main</Filter>
    </ClCompile>
    <ClCompile Include="Log.cpp">
      <Filter>Utils</Filter>
    </ClCompile>
    <ClCompile Include="ModuleImGui.cpp">
      <Filter>Core Modules</Filter>
    </ClCompile>
    <ClCompile Include="imgui-1.53\imgui.cpp">
      <Filter>Tools\ImGui</Filter>
    </ClCompile>
    <ClCompile Include="imgui-1.53\imgui_demo.cpp">
      <Filter>Tools\ImGui</Filter>
    </ClCompile>
    <ClCompile Include="imgui-1.53\imgui_draw.cpp">
      <Filter>Tools\ImGui</Filter>
    </ClCompile>
    <ClCompile Include="imgui-1.53\imgui_impl_sdl_gl3.cpp">
      <Filter>Tools\ImGui</Filter>
    </ClCompile>
    <ClCompile Include="Mathgeolib\include\Algorithm\Random\LCG.cpp">
      <Filter>Tools\MathGeoLib\extras</Filter>
    </ClCompile>
    <ClCompile Include="Mathgeolib\include\Geometry\AABB.cpp">
      <Filter>Tools\MathGeoLib\extras</Filter>
    </ClCompile>
    <ClCompile Include="Mathgeolib\include\Geometry\Capsule.cpp">
      <Filter>Tools\MathGeoLib\extras</Filter>
    </ClCompile>
    <ClCompile Include="Mathgeolib\include\Geometry\Circle.cpp">
      <Filter>Tools\MathGeoLib\extras</Filter>
    </ClCompile>
    <ClCompile Include="Mathgeolib\include\Geometry\Frustum.cpp">
      <Filter>Tools\MathGeoLib\extras</Filter>
    </ClCompile>
    <ClCompile Include="Mathgeolib\include\Geometry\Line.cpp">
      <Filter>Tools\MathGeoLib\extras</Filter>
    </ClCompile>
    <ClCompile Include="Mathgeolib\include\Geometry\LineSegment.cpp">
      <Filter>Tools\MathGeoLib\extras</Filter>
    </ClCompile>
    <ClCompile Include="Mathgeolib\include\Geometry\OBB.cpp">
      <Filter>Tools\MathGeoLib\extras</Filter>
    </ClCompile>
    <ClCompile Include="Mathgeolib\include\Geometry\Plane.cpp">
      <Filter>Tools\MathGeoLib\extras</Filter>
    </ClCompile>
    <ClCompile Include="Mathgeolib\include\Geometry\Polygon.cpp">
      <Filter>Tools\MathGeoLib\extras</Filter>
    </ClCompile>
    <ClCompile Include="Mathgeolib\include\Geometry\Polyhedron.cpp">
      <Filter>Tools\MathGeoLib\extras</Filter>
    </ClCompile>
    <ClCompile Include="Mathgeolib\include\Geometry\Ray.cpp">
      <Filter>Tools\MathGeoLib\extras</Filter>
    </ClCompile>
    <ClCompile Include="Mathgeolib\include\Geometry\Sphere.cpp">
      <Filter>Tools\MathGeoLib\extras</Filter>
    </ClCompile>
    <ClCompile Include="Mathgeolib\include\Geometry\Triangle.cpp">
      <Filter>Tools\MathGeoLib\extras</Filter>
    </ClCompile>
    <ClCompile Include="Mathgeolib\include\Geometry\TriangleMesh.cpp">
      <Filter>Tools\MathGeoLib\extras</Filter>
    </ClCompile>
    <ClCompile Include="Mathgeolib\include\Math\BitOps.cpp">
      <Filter>Tools\MathGeoLib\extras</Filter>
    </ClCompile>
    <ClCompile Include="Mathgeolib\include\Math\float2.cpp">
      <Filter>Tools\MathGeoLib\extras</Filter>
    </ClCompile>
    <ClCompile Include="Mathgeolib\include\Math\float3.cpp">
      <Filter>Tools\MathGeoLib\extras</Filter>
    </ClCompile>
    <ClCompile Include="Mathgeolib\include\Math\float3x3.cpp">
      <Filter>Tools\MathGeoLib\extras</Filter>
    </ClCompile>
    <ClCompile Include="Mathgeolib\include\Math\float3x4.cpp">
      <Filter>Tools\MathGeoLib\extras</Filter>
    </ClCompile>
    <ClCompile Include="Mathgeolib\include\Math\float4.cpp">
      <Filter>Tools\MathGeoLib\extras</Filter>
    </ClCompile>
    <ClCompile Include="Mathgeolib\include\Math\float4x4.cpp">
      <Filter>Tools\MathGeoLib\extras</Filter>
    </ClCompile>
    <ClCompile Include="Mathgeolib\include\Math\MathFunc.cpp">
      <Filter>Tools\MathGeoLib\extras</Filter>
    </ClCompile>
    <ClCompile Include="Mathgeolib\include\Math\MathLog.cpp">
      <Filter>Tools\MathGeoLib\extras</Filter>
    </ClCompile>
    <ClCompile Include="Mathgeolib\include\Math\MathOps.cpp">
      <Filter>Tools\MathGeoLib\extras</Filter>
    </ClCompile>
    <ClCompile Include="Mathgeolib\include\Math\Polynomial.cpp">
      <Filter>Tools\MathGeoLib\extras</Filter>
    </ClCompile>
    <ClCompile Include="Mathgeolib\include\Math\Quat.cpp">
      <Filter>Tools\MathGeoLib\extras</Filter>
    </ClCompile>
    <ClCompile Include="Mathgeolib\include\Math\SSEMath.cpp">
      <Filter>Tools\MathGeoLib\extras</Filter>
    </ClCompile>
    <ClCompile Include="Mathgeolib\include\Math\TransformOps.cpp">
      <Filter>Tools\MathGeoLib\extras</Filter>
    </ClCompile>
    <ClCompile Include="Mathgeolib\include\Time\Clock.cpp">
      <Filter>Tools\MathGeoLib\extras</Filter>
    </ClCompile>
    <ClCompile Include="ModuleCamera.cpp">
      <Filter>Core Modules</Filter>
    </ClCompile>
    <ClCompile Include="Timer.cpp">
      <Filter>Tools</Filter>
    </ClCompile>
    <ClCompile Include="ModuleTimeManager.cpp">
      <Filter>Core Modules</Filter>
    </ClCompile>
    <ClCompile Include="ModuleTextures.cpp">
      <Filter>Core Modules</Filter>
    </ClCompile>
    <ClCompile Include="ModuleScene.cpp">
      <Filter>Core Modules</Filter>
    </ClCompile>
    <ClCompile Include="Component.cpp">
      <Filter>Components</Filter>
    </ClCompile>
    <ClCompile Include="ComponentMaterial.cpp">
      <Filter>Components</Filter>
    </ClCompile>
    <ClCompile Include="ComponentMesh.cpp">
      <Filter>Components</Filter>
    </ClCompile>
    <ClCompile Include="ComponentTransform.cpp">
      <Filter>Components</Filter>
    </ClCompile>
    <ClCompile Include="GameObject.cpp">
      <Filter>Components</Filter>
    </ClCompile>
    <ClCompile Include="SolidSphere.cpp">
      <Filter>Utils</Filter>
    </ClCompile>
    <ClCompile Include="Quad.cpp">
      <Filter>Utils</Filter>
    </ClCompile>
    <ClCompile Include="ComponentCamera.cpp">
      <Filter>Components</Filter>
    </ClCompile>
    <ClCompile Include="ComponentWithResource.cpp">
      <Filter>Components</Filter>
    </ClCompile>
    <ClCompile Include="ModuleResources.cpp">
      <Filter>Core Modules</Filter>
    </ClCompile>
    <ClCompile Include="CustomQuadTree.cpp">
      <Filter>Utils</Filter>
    </ClCompile>
    <ClCompile Include="Model.cpp">
      <Filter>Utils</Filter>
    </ClCompile>
    <ClCompile Include="imgui-1.53\ImGuizmo.cpp">
      <Filter>Tools\ImGui</Filter>
    </ClCompile>
    <ClCompile Include="imgui-1.53\ImSequencer.cpp">
      <Filter>Tools\ImGui</Filter>
    </ClCompile>
    <ClCompile Include="Importer.cpp">
      <Filter>Tools\Importers</Filter>
    </ClCompile>
    <ClCompile Include="MeshImporter.cpp">
      <Filter>Tools\Importers</Filter>
    </ClCompile>
    <ClCompile Include="Resource.cpp">
      <Filter>Resources</Filter>
    </ClCompile>
    <ClCompile Include="ResourceMesh.cpp">
      <Filter>Resources</Filter>
    </ClCompile>
    <ClCompile Include="ModuleAnimation.cpp">
      <Filter>Core Modules</Filter>
    </ClCompile>
    <ClCompile Include="ComponentAnim.cpp">
      <Filter>Components</Filter>
    </ClCompile>
    <ClCompile Include="ModuleRNG.cpp">
      <Filter>Core Modules</Filter>
    </ClCompile>
    <ClCompile Include="ComponentAudioListener.cpp">
      <Filter>Components</Filter>
    </ClCompile>
    <ClCompile Include="ComponentAudioSource.cpp">
      <Filter>Components</Filter>
    </ClCompile>
    <ClCompile Include="ModuleAudio.cpp">
      <Filter>Core Modules</Filter>
    </ClCompile>
    <ClCompile Include="ResourceAudio.cpp">
      <Filter>Resources</Filter>
    </ClCompile>
    <ClCompile Include="Billboard.cpp">
      <Filter>Utils</Filter>
    </ClCompile>
    <ClCompile Include="ModuleFX.cpp">
      <Filter>Core Modules</Filter>
    </ClCompile>
    <ClCompile Include="ComponentParticles.cpp">
      <Filter>Components</Filter>
    </ClCompile>
    <ClCompile Include="ModuleShader.cpp">
      <Filter>Core Modules</Filter>
    </ClCompile>
    <ClCompile Include="Component2DTransform.cpp">
      <Filter>Components</Filter>
    </ClCompile>
    <ClCompile Include="Component2D.cpp">
      <Filter>Components</Filter>
    </ClCompile>
    <ClCompile Include="ComponentButton.cpp">
      <Filter>Components</Filter>
    </ClCompile>
    <ClCompile Include="ComponentInput2D.cpp">
      <Filter>Components</Filter>
    </ClCompile>
    <ClCompile Include="ComponentLabel.cpp">
      <Filter>Components</Filter>
    </ClCompile>
    <ClCompile Include="ModuleUI.cpp">
      <Filter>Core Modules</Filter>
    </ClCompile>
    <ClCompile Include="ModulePhysics.cpp">
      <Filter>Core Modules</Filter>
    </ClCompile>
    <ClCompile Include="ComponentPhysicsRigidBody.cpp">
      <Filter>Components</Filter>
    </ClCompile>
  </ItemGroup>
  <ItemGroup>
    <ClInclude Include="Module.h">
      <Filter>Core Modules</Filter>
    </ClInclude>
    <ClInclude Include="ModuleInput.h">
      <Filter>Core Modules</Filter>
    </ClInclude>
    <ClInclude Include="ModuleRenderer.h">
      <Filter>Core Modules</Filter>
    </ClInclude>
    <ClInclude Include="ModuleWindow.h">
      <Filter>Core Modules</Filter>
    </ClInclude>
    <ClInclude Include="Application.h">
      <Filter>Main</Filter>
    </ClInclude>
    <ClInclude Include="Globals.h">
      <Filter>Main</Filter>
    </ClInclude>
    <ClInclude Include="OpenGL.h">
      <Filter>Utils</Filter>
    </ClInclude>
    <ClInclude Include="..\..\..\Outrun1986-\Point.h">
      <Filter>Utils</Filter>
    </ClInclude>
    <ClInclude Include="Quad.h">
      <Filter>Utils</Filter>
    </ClInclude>
    <ClInclude Include="ModuleImGui.h">
      <Filter>Core Modules</Filter>
    </ClInclude>
    <ClInclude Include="Mathgeolib\include\MathBuildConfig.h">
      <Filter>Tools\MathGeoLib</Filter>
    </ClInclude>
    <ClInclude Include="Mathgeolib\include\MathGeoLib.h">
      <Filter>Tools\MathGeoLib</Filter>
    </ClInclude>
    <ClInclude Include="Mathgeolib\include\MathGeoLibFwd.h">
      <Filter>Tools\MathGeoLib</Filter>
    </ClInclude>
    <ClInclude Include="Mathgeolib\include\Algorithm\Random\LCG.h">
      <Filter>Tools\MathGeoLib\extras</Filter>
    </ClInclude>
    <ClInclude Include="Mathgeolib\include\Geometry\AABB.h">
      <Filter>Tools\MathGeoLib\extras</Filter>
    </ClInclude>
    <ClInclude Include="Mathgeolib\include\Geometry\AABB2D.h">
      <Filter>Tools\MathGeoLib\extras</Filter>
    </ClInclude>
    <ClInclude Include="Mathgeolib\include\Geometry\Capsule.h">
      <Filter>Tools\MathGeoLib\extras</Filter>
    </ClInclude>
    <ClInclude Include="Mathgeolib\include\Geometry\Circle.h">
      <Filter>Tools\MathGeoLib\extras</Filter>
    </ClInclude>
    <ClInclude Include="Mathgeolib\include\Geometry\Frustum.h">
      <Filter>Tools\MathGeoLib\extras</Filter>
    </ClInclude>
    <ClInclude Include="Mathgeolib\include\Geometry\GeometryAll.h">
      <Filter>Tools\MathGeoLib\extras</Filter>
    </ClInclude>
    <ClInclude Include="Mathgeolib\include\Geometry\GeomType.h">
      <Filter>Tools\MathGeoLib\extras</Filter>
    </ClInclude>
    <ClInclude Include="Mathgeolib\include\Geometry\HitInfo.h">
      <Filter>Tools\MathGeoLib\extras</Filter>
    </ClInclude>
    <ClInclude Include="Mathgeolib\include\Geometry\KDTree.h">
      <Filter>Tools\MathGeoLib\extras</Filter>
    </ClInclude>
    <ClInclude Include="Mathgeolib\include\Geometry\Line.h">
      <Filter>Tools\MathGeoLib\extras</Filter>
    </ClInclude>
    <ClInclude Include="Mathgeolib\include\Geometry\LineSegment.h">
      <Filter>Tools\MathGeoLib\extras</Filter>
    </ClInclude>
    <ClInclude Include="Mathgeolib\include\Geometry\OBB.h">
      <Filter>Tools\MathGeoLib\extras</Filter>
    </ClInclude>
    <ClInclude Include="Mathgeolib\include\Geometry\PBVolume.h">
      <Filter>Tools\MathGeoLib\extras</Filter>
    </ClInclude>
    <ClInclude Include="Mathgeolib\include\Geometry\Plane.h">
      <Filter>Tools\MathGeoLib\extras</Filter>
    </ClInclude>
    <ClInclude Include="Mathgeolib\include\Geometry\Polygon.h">
      <Filter>Tools\MathGeoLib\extras</Filter>
    </ClInclude>
    <ClInclude Include="Mathgeolib\include\Geometry\Polyhedron.h">
      <Filter>Tools\MathGeoLib\extras</Filter>
    </ClInclude>
    <ClInclude Include="Mathgeolib\include\Geometry\QuadTree.h">
      <Filter>Tools\MathGeoLib\extras</Filter>
    </ClInclude>
    <ClInclude Include="Mathgeolib\include\Geometry\Ray.h">
      <Filter>Tools\MathGeoLib\extras</Filter>
    </ClInclude>
    <ClInclude Include="Mathgeolib\include\Geometry\Sphere.h">
      <Filter>Tools\MathGeoLib\extras</Filter>
    </ClInclude>
    <ClInclude Include="Mathgeolib\include\Geometry\Triangle.h">
      <Filter>Tools\MathGeoLib\extras</Filter>
    </ClInclude>
    <ClInclude Include="Mathgeolib\include\Geometry\TriangleMesh.h">
      <Filter>Tools\MathGeoLib\extras</Filter>
    </ClInclude>
    <ClInclude Include="Mathgeolib\include\Math\assume.h">
      <Filter>Tools\MathGeoLib\extras</Filter>
    </ClInclude>
    <ClInclude Include="Mathgeolib\include\Math\BitOps.h">
      <Filter>Tools\MathGeoLib\extras</Filter>
    </ClInclude>
    <ClInclude Include="Mathgeolib\include\Math\Complex.h">
      <Filter>Tools\MathGeoLib\extras</Filter>
    </ClInclude>
    <ClInclude Include="Mathgeolib\include\Math\CoordinateAxisConvention.h">
      <Filter>Tools\MathGeoLib\extras</Filter>
    </ClInclude>
    <ClInclude Include="Mathgeolib\include\Math\FixedPoint.h">
      <Filter>Tools\MathGeoLib\extras</Filter>
    </ClInclude>
    <ClInclude Include="Mathgeolib\include\Math\float2.h">
      <Filter>Tools\MathGeoLib\extras</Filter>
    </ClInclude>
    <ClInclude Include="Mathgeolib\include\Math\float3.h">
      <Filter>Tools\MathGeoLib\extras</Filter>
    </ClInclude>
    <ClInclude Include="Mathgeolib\include\Math\float3x3.h">
      <Filter>Tools\MathGeoLib\extras</Filter>
    </ClInclude>
    <ClInclude Include="Mathgeolib\include\Math\float3x4.h">
      <Filter>Tools\MathGeoLib\extras</Filter>
    </ClInclude>
    <ClInclude Include="Mathgeolib\include\Math\float4.h">
      <Filter>Tools\MathGeoLib\extras</Filter>
    </ClInclude>
    <ClInclude Include="Mathgeolib\include\Math\float4_neon.h">
      <Filter>Tools\MathGeoLib\extras</Filter>
    </ClInclude>
    <ClInclude Include="Mathgeolib\include\Math\float4_sse.h">
      <Filter>Tools\MathGeoLib\extras</Filter>
    </ClInclude>
    <ClInclude Include="Mathgeolib\include\Math\float4x4.h">
      <Filter>Tools\MathGeoLib\extras</Filter>
    </ClInclude>
    <ClInclude Include="Mathgeolib\include\Math\float4x4_neon.h">
      <Filter>Tools\MathGeoLib\extras</Filter>
    </ClInclude>
    <ClInclude Include="Mathgeolib\include\Math\float4x4_sse.h">
      <Filter>Tools\MathGeoLib\extras</Filter>
    </ClInclude>
    <ClInclude Include="Mathgeolib\include\Math\FloatCmp.h">
      <Filter>Tools\MathGeoLib\extras</Filter>
    </ClInclude>
    <ClInclude Include="Mathgeolib\include\Math\MathAll.h">
      <Filter>Tools\MathGeoLib\extras</Filter>
    </ClInclude>
    <ClInclude Include="Mathgeolib\include\Math\MathConstants.h">
      <Filter>Tools\MathGeoLib\extras</Filter>
    </ClInclude>
    <ClInclude Include="Mathgeolib\include\Math\MathFunc.h">
      <Filter>Tools\MathGeoLib\extras</Filter>
    </ClInclude>
    <ClInclude Include="Mathgeolib\include\Math\MathLog.h">
      <Filter>Tools\MathGeoLib\extras</Filter>
    </ClInclude>
    <ClInclude Include="Mathgeolib\include\Math\MathNamespace.h">
      <Filter>Tools\MathGeoLib\extras</Filter>
    </ClInclude>
    <ClInclude Include="Mathgeolib\include\Math\MathTypes.h">
      <Filter>Tools\MathGeoLib\extras</Filter>
    </ClInclude>
    <ClInclude Include="Mathgeolib\include\Math\MatrixProxy.h">
      <Filter>Tools\MathGeoLib\extras</Filter>
    </ClInclude>
    <ClInclude Include="Mathgeolib\include\Math\myassert.h">
      <Filter>Tools\MathGeoLib\extras</Filter>
    </ClInclude>
    <ClInclude Include="Mathgeolib\include\Math\Polynomial.h">
      <Filter>Tools\MathGeoLib\extras</Filter>
    </ClInclude>
    <ClInclude Include="Mathgeolib\include\Math\Quat.h">
      <Filter>Tools\MathGeoLib\extras</Filter>
    </ClInclude>
    <ClInclude Include="Mathgeolib\include\Math\quat_simd.h">
      <Filter>Tools\MathGeoLib\extras</Filter>
    </ClInclude>
    <ClInclude Include="Mathgeolib\include\Math\Rect.h">
      <Filter>Tools\MathGeoLib\extras</Filter>
    </ClInclude>
    <ClInclude Include="Mathgeolib\include\Math\Reinterpret.h">
      <Filter>Tools\MathGeoLib\extras</Filter>
    </ClInclude>
    <ClInclude Include="Mathgeolib\include\Math\sse_mathfun.h">
      <Filter>Tools\MathGeoLib\extras</Filter>
    </ClInclude>
    <ClInclude Include="Mathgeolib\include\Math\SSEMath.h">
      <Filter>Tools\MathGeoLib\extras</Filter>
    </ClInclude>
    <ClInclude Include="Mathgeolib\include\Math\TransformOps.h">
      <Filter>Tools\MathGeoLib\extras</Filter>
    </ClInclude>
    <ClInclude Include="Mathgeolib\include\Time\Clock.h">
      <Filter>Tools\MathGeoLib\extras</Filter>
    </ClInclude>
    <ClInclude Include="ModuleCamera.h">
      <Filter>Core Modules</Filter>
    </ClInclude>
    <ClInclude Include="Timer.h">
      <Filter>Tools</Filter>
    </ClInclude>
    <ClInclude Include="ModuleTimerManager.h">
      <Filter>Core Modules</Filter>
    </ClInclude>
    <ClInclude Include="ModuleTextures.h">
      <Filter>Core Modules</Filter>
    </ClInclude>
    <ClInclude Include="DevIL\include\IL\devil_cpp_wrapper.hpp">
      <Filter>Tools\DevIL</Filter>
    </ClInclude>
    <ClInclude Include="DevIL\include\IL\devil_internal_exports.h">
      <Filter>Tools\DevIL</Filter>
    </ClInclude>
    <ClInclude Include="DevIL\include\IL\il.h">
      <Filter>Tools\DevIL</Filter>
    </ClInclude>
    <ClInclude Include="DevIL\include\IL\il_wrap.h">
      <Filter>Tools\DevIL</Filter>
    </ClInclude>
    <ClInclude Include="DevIL\include\IL\ilu.h">
      <Filter>Tools\DevIL</Filter>
    </ClInclude>
    <ClInclude Include="DevIL\include\IL\ilu_region.h">
      <Filter>Tools\DevIL</Filter>
    </ClInclude>
    <ClInclude Include="DevIL\include\IL\ilut.h">
      <Filter>Tools\DevIL</Filter>
    </ClInclude>
    <ClInclude Include="DevIL\include\IL\ilut_config.h">
      <Filter>Tools\DevIL</Filter>
    </ClInclude>
    <ClInclude Include="ModuleScene.h">
      <Filter>Core Modules</Filter>
    </ClInclude>
    <ClInclude Include="Component.h">
      <Filter>Components</Filter>
    </ClInclude>
    <ClInclude Include="ComponentMaterial.h">
      <Filter>Components</Filter>
    </ClInclude>
    <ClInclude Include="ComponentMesh.h">
      <Filter>Components</Filter>
    </ClInclude>
    <ClInclude Include="ComponentTransform.h">
      <Filter>Components</Filter>
    </ClInclude>
    <ClInclude Include="GameObject.h">
      <Filter>Components</Filter>
    </ClInclude>
    <ClInclude Include="SolidSphere.h">
      <Filter>Utils</Filter>
    </ClInclude>
    <ClInclude Include="ComponentCamera.h">
      <Filter>Components</Filter>
    </ClInclude>
    <ClInclude Include="ComponentWithResource.h">
      <Filter>Components</Filter>
    </ClInclude>
    <ClInclude Include="ModuleResources.h">
      <Filter>Core Modules</Filter>
    </ClInclude>
    <ClInclude Include="CustomQuadTree.h">
      <Filter>Utils</Filter>
    </ClInclude>
    <ClInclude Include="Brofiler\include\Brofiler.h">
      <Filter>Tools\Brofiler</Filter>
    </ClInclude>
    <ClInclude Include="Model.h">
      <Filter>Utils</Filter>
    </ClInclude>
    <ClInclude Include="imgui-1.53\ImGuizmo.h">
      <Filter>Tools\ImGui</Filter>
    </ClInclude>
    <ClInclude Include="imgui-1.53\ImSequencer.h">
      <Filter>Tools\ImGui</Filter>
    </ClInclude>
    <ClInclude Include="Importer.h">
      <Filter>Tools\Importers</Filter>
    </ClInclude>
    <ClInclude Include="MeshImporter.h">
      <Filter>Tools\Importers</Filter>
    </ClInclude>
    <ClInclude Include="Resource.h">
      <Filter>Resources</Filter>
    </ClInclude>
    <ClInclude Include="ResourceMesh.h">
      <Filter>Resources</Filter>
    </ClInclude>
    <ClInclude Include="ModuleAnimation.h">
      <Filter>Core Modules</Filter>
    </ClInclude>
    <ClInclude Include="ComponentAnim.h">
      <Filter>Components</Filter>
    </ClInclude>
    <ClInclude Include="ModuleRNG.h">
      <Filter>Core Modules</Filter>
    </ClInclude>
    <ClInclude Include="Bass\include\bass.h">
      <Filter>Tools\bass\include</Filter>
    </ClInclude>
    <ClInclude Include="Bass\include\bassenc_ogg.h">
      <Filter>Tools\bass\include</Filter>
    </ClInclude>
    <ClInclude Include="Bass\include\bassenc.h">
      <Filter>Tools\bass\include</Filter>
    </ClInclude>
    <ClInclude Include="ComponentAudioListener.h">
      <Filter>Components</Filter>
    </ClInclude>
    <ClInclude Include="ComponentAudioSource.h">
      <Filter>Components</Filter>
    </ClInclude>
    <ClInclude Include="ModuleAudio.h">
      <Filter>Core Modules</Filter>
    </ClInclude>
    <ClInclude Include="ResourceAudio.h">
      <Filter>Resources</Filter>
    </ClInclude>
    <ClInclude Include="Billboard.h">
      <Filter>Utils</Filter>
    </ClInclude>
    <ClInclude Include="ModuleFX.h">
      <Filter>Core Modules</Filter>
    </ClInclude>
    <ClInclude Include="ComponentParticles.h">
      <Filter>Components</Filter>
    </ClInclude>
    <ClInclude Include="ModuleShader.h">
      <Filter>Core Modules</Filter>
    </ClInclude>
    <ClInclude Include="LuaJIT-2.0.5\dynasm\dasm_arm.h">
      <Filter>Tools\LUA</Filter>
    </ClInclude>
    <ClInclude Include="LuaJIT-2.0.5\dynasm\dasm_mips.h">
      <Filter>Tools\LUA</Filter>
    </ClInclude>
    <ClInclude Include="LuaJIT-2.0.5\dynasm\dasm_ppc.h">
      <Filter>Tools\LUA</Filter>
    </ClInclude>
    <ClInclude Include="LuaJIT-2.0.5\dynasm\dasm_proto.h">
      <Filter>Tools\LUA</Filter>
    </ClInclude>
    <ClInclude Include="LuaJIT-2.0.5\dynasm\dasm_x86.h">
      <Filter>Tools\LUA</Filter>
    </ClInclude>
    <ClInclude Include="LuaJIT-2.0.5\src\lauxlib.h">
      <Filter>Tools\LUA</Filter>
    </ClInclude>
    <ClInclude Include="LuaJIT-2.0.5\src\lua.h">
      <Filter>Tools\LUA</Filter>
    </ClInclude>
    <ClInclude Include="LuaJIT-2.0.5\src\lua.hpp">
      <Filter>Tools\LUA</Filter>
    </ClInclude>
    <ClInclude Include="LuaJIT-2.0.5\src\luaconf.h">
      <Filter>Tools\LUA</Filter>
    </ClInclude>
    <ClInclude Include="LuaJIT-2.0.5\src\luajit.h">
      <Filter>Tools\LUA</Filter>
    </ClInclude>
    <ClInclude Include="LuaJIT-2.0.5\src\lualib.h">
      <Filter>Tools\LUA</Filter>
    </ClInclude>
    <ClInclude Include="Component2DTransform.h">
      <Filter>Components</Filter>
    </ClInclude>
    <ClInclude Include="Component2D.h">
      <Filter>Components</Filter>
    </ClInclude>
    <ClInclude Include="ComponentButton.h">
      <Filter>Components</Filter>
    </ClInclude>
    <ClInclude Include="ComponentInput2D.h">
      <Filter>Components</Filter>
    </ClInclude>
    <ClInclude Include="ComponentLabel.h">
      <Filter>Components</Filter>
    </ClInclude>
    <ClInclude Include="ModuleUI.h">
      <Filter>Core Modules</Filter>
    </ClInclude>
    <ClInclude Include="ModulePhysics.h">
      <Filter>Core Modules</Filter>
    </ClInclude>
    <ClInclude Include="DebugDrawer.h">
      <Filter>Utils</Filter>
    </ClInclude>
    <ClInclude Include="ComponentPhysicsRigidBody.h">
      <Filter>Components</Filter>
    </ClInclude>
    <ClInclude Include="Bullet\include\LinearMath\btAabbUtil2.h">
      <Filter>Bullet</Filter>
    </ClInclude>
    <ClInclude Include="Bullet\include\BulletDynamics\Dynamics\btActionInterface.h">
      <Filter>Bullet</Filter>
    </ClInclude>
    <ClInclude Include="Bullet\include\BulletCollision\CollisionDispatch\btActivatingCollisionAlgorithm.h">
      <Filter>Bullet</Filter>
    </ClInclude>
    <ClInclude Include="Bullet\include\LinearMath\btAlignedAllocator.h">
      <Filter>Bullet</Filter>
    </ClInclude>
    <ClInclude Include="Bullet\include\LinearMath\btAlignedObjectArray.h">
      <Filter>Bullet</Filter>
    </ClInclude>
    <ClInclude Include="Bullet\include\BulletCollision\BroadphaseCollision\btAxisSweep3.h">
      <Filter>Bullet</Filter>
    </ClInclude>
    <ClInclude Include="Bullet\include\BulletCollision\CollisionDispatch\btBox2dBox2dCollisionAlgorithm.h">
      <Filter>Bullet</Filter>
    </ClInclude>
    <ClInclude Include="Bullet\include\BulletCollision\CollisionShapes\btBox2dShape.h">
      <Filter>Bullet</Filter>
    </ClInclude>
    <ClInclude Include="Bullet\include\BulletCollision\CollisionDispatch\btBoxBoxCollisionAlgorithm.h">
      <Filter>Bullet</Filter>
    </ClInclude>
    <ClInclude Include="Bullet\include\BulletCollision\CollisionDispatch\btBoxBoxDetector.h">
      <Filter>Bullet</Filter>
    </ClInclude>
    <ClInclude Include="Bullet\include\BulletCollision\Gimpact\btBoxCollision.h">
      <Filter>Bullet</Filter>
    </ClInclude>
    <ClInclude Include="Bullet\include\BulletCollision\CollisionShapes\btBoxShape.h">
      <Filter>Bullet</Filter>
    </ClInclude>
    <ClInclude Include="Bullet\include\BulletCollision\BroadphaseCollision\btBroadphaseInterface.h">
      <Filter>Bullet</Filter>
    </ClInclude>
    <ClInclude Include="Bullet\include\BulletCollision\BroadphaseCollision\btBroadphaseProxy.h">
      <Filter>Bullet</Filter>
    </ClInclude>
    <ClInclude Include="Bullet\include\btBulletCollisionCommon.h">
      <Filter>Bullet</Filter>
    </ClInclude>
    <ClInclude Include="Bullet\include\btBulletDynamicsCommon.h">
      <Filter>Bullet</Filter>
    </ClInclude>
    <ClInclude Include="Bullet\include\BulletCollision\CollisionShapes\btBvhTriangleMeshShape.h">
      <Filter>Bullet</Filter>
    </ClInclude>
    <ClInclude Include="Bullet\include\BulletCollision\CollisionShapes\btCapsuleShape.h">
      <Filter>Bullet</Filter>
    </ClInclude>
    <ClInclude Include="Bullet\include\BulletDynamics\Character\btCharacterControllerInterface.h">
      <Filter>Bullet</Filter>
    </ClInclude>
    <ClInclude Include="Bullet\include\BulletCollision\Gimpact\btClipPolygon.h">
      <Filter>Bullet</Filter>
    </ClInclude>
    <ClInclude Include="Bullet\include\BulletCollision\BroadphaseCollision\btCollisionAlgorithm.h">
      <Filter>Bullet</Filter>
    </ClInclude>
    <ClInclude Include="Bullet\include\BulletCollision\CollisionDispatch\btCollisionConfiguration.h">
      <Filter>Bullet</Filter>
    </ClInclude>
    <ClInclude Include="Bullet\include\BulletCollision\CollisionDispatch\btCollisionCreateFunc.h">
      <Filter>Bullet</Filter>
    </ClInclude>
    <ClInclude Include="Bullet\include\BulletCollision\CollisionDispatch\btCollisionDispatcher.h">
      <Filter>Bullet</Filter>
    </ClInclude>
    <ClInclude Include="Bullet\include\BulletCollision\CollisionShapes\btCollisionMargin.h">
      <Filter>Bullet</Filter>
    </ClInclude>
    <ClInclude Include="Bullet\include\BulletCollision\CollisionDispatch\btCollisionObject.h">
      <Filter>Bullet</Filter>
    </ClInclude>
    <ClInclude Include="Bullet\include\BulletCollision\CollisionDispatch\btCollisionObjectWrapper.h">
      <Filter>Bullet</Filter>
    </ClInclude>
    <ClInclude Include="Bullet\include\BulletCollision\CollisionShapes\btCollisionShape.h">
      <Filter>Bullet</Filter>
    </ClInclude>
    <ClInclude Include="Bullet\include\BulletCollision\CollisionDispatch\btCollisionWorld.h">
      <Filter>Bullet</Filter>
    </ClInclude>
    <ClInclude Include="Bullet\include\BulletCollision\CollisionDispatch\btCollisionWorldImporter.h">
      <Filter>Bullet</Filter>
    </ClInclude>
    <ClInclude Include="Bullet\include\BulletCollision\CollisionDispatch\btCompoundCollisionAlgorithm.h">
      <Filter>Bullet</Filter>
    </ClInclude>
    <ClInclude Include="Bullet\include\BulletCollision\CollisionDispatch\btCompoundCompoundCollisionAlgorithm.h">
      <Filter>Bullet</Filter>
    </ClInclude>
    <ClInclude Include="Bullet\include\BulletCollision\Gimpact\btCompoundFromGimpact.h">
      <Filter>Bullet</Filter>
    </ClInclude>
    <ClInclude Include="Bullet\include\BulletCollision\CollisionShapes\btCompoundShape.h">
      <Filter>Bullet</Filter>
    </ClInclude>
    <ClInclude Include="Bullet\include\BulletCollision\NarrowPhaseCollision\btComputeGjkEpaPenetration.h">
      <Filter>Bullet</Filter>
    </ClInclude>
    <ClInclude Include="Bullet\include\BulletCollision\CollisionShapes\btConcaveShape.h">
      <Filter>Bullet</Filter>
    </ClInclude>
    <ClInclude Include="Bullet\include\BulletCollision\CollisionShapes\btConeShape.h">
      <Filter>Bullet</Filter>
    </ClInclude>
    <ClInclude Include="Bullet\include\BulletDynamics\ConstraintSolver\btConeTwistConstraint.h">
      <Filter>Bullet</Filter>
    </ClInclude>
    <ClInclude Include="Bullet\include\BulletDynamics\ConstraintSolver\btConstraintSolver.h">
      <Filter>Bullet</Filter>
    </ClInclude>
    <ClInclude Include="Bullet\include\BulletDynamics\ConstraintSolver\btContactConstraint.h">
      <Filter>Bullet</Filter>
    </ClInclude>
    <ClInclude Include="Bullet\include\BulletCollision\Gimpact\btContactProcessing.h">
      <Filter>Bullet</Filter>
    </ClInclude>
    <ClInclude Include="Bullet\include\BulletDynamics\ConstraintSolver\btContactSolverInfo.h">
      <Filter>Bullet</Filter>
    </ClInclude>
    <ClInclude Include="Bullet\include\BulletCollision\NarrowPhaseCollision\btContinuousConvexCollision.h">
      <Filter>Bullet</Filter>
    </ClInclude>
    <ClInclude Include="Bullet\include\BulletCollision\CollisionDispatch\btConvex2dConvex2dAlgorithm.h">
      <Filter>Bullet</Filter>
    </ClInclude>
    <ClInclude Include="Bullet\include\BulletCollision\CollisionShapes\btConvex2dShape.h">
      <Filter>Bullet</Filter>
    </ClInclude>
    <ClInclude Include="Bullet\include\BulletCollision\NarrowPhaseCollision\btConvexCast.h">
      <Filter>Bullet</Filter>
    </ClInclude>
    <ClInclude Include="Bullet\include\BulletCollision\CollisionDispatch\btConvexConcaveCollisionAlgorithm.h">
      <Filter>Bullet</Filter>
    </ClInclude>
    <ClInclude Include="Bullet\include\BulletCollision\CollisionDispatch\btConvexConvexAlgorithm.h">
      <Filter>Bullet</Filter>
    </ClInclude>
    <ClInclude Include="Bullet\include\LinearMath\btConvexHull.h">
      <Filter>Bullet</Filter>
    </ClInclude>
    <ClInclude Include="Bullet\include\LinearMath\btConvexHullComputer.h">
      <Filter>Bullet</Filter>
    </ClInclude>
    <ClInclude Include="Bullet\include\BulletCollision\CollisionShapes\btConvexHullShape.h">
      <Filter>Bullet</Filter>
    </ClInclude>
    <ClInclude Include="Bullet\include\BulletCollision\CollisionShapes\btConvexInternalShape.h">
      <Filter>Bullet</Filter>
    </ClInclude>
    <ClInclude Include="Bullet\include\BulletCollision\NarrowPhaseCollision\btConvexPenetrationDepthSolver.h">
      <Filter>Bullet</Filter>
    </ClInclude>
    <ClInclude Include="Bullet\include\BulletCollision\CollisionDispatch\btConvexPlaneCollisionAlgorithm.h">
      <Filter>Bullet</Filter>
    </ClInclude>
    <ClInclude Include="Bullet\include\BulletCollision\CollisionShapes\btConvexPointCloudShape.h">
      <Filter>Bullet</Filter>
    </ClInclude>
    <ClInclude Include="Bullet\include\BulletCollision\CollisionShapes\btConvexPolyhedron.h">
      <Filter>Bullet</Filter>
    </ClInclude>
    <ClInclude Include="Bullet\include\BulletCollision\CollisionShapes\btConvexShape.h">
      <Filter>Bullet</Filter>
    </ClInclude>
    <ClInclude Include="Bullet\include\BulletCollision\CollisionShapes\btConvexTriangleMeshShape.h">
      <Filter>Bullet</Filter>
    </ClInclude>
    <ClInclude Include="Bullet\include\LinearMath\btCpuFeatureUtility.h">
      <Filter>Bullet</Filter>
    </ClInclude>
    <ClInclude Include="Bullet\include\BulletCollision\CollisionShapes\btCylinderShape.h">
      <Filter>Bullet</Filter>
    </ClInclude>
    <ClInclude Include="Bullet\include\BulletDynamics\MLCPSolvers\btDantzigLCP.h">
      <Filter>Bullet</Filter>
    </ClInclude>
    <ClInclude Include="Bullet\include\BulletDynamics\MLCPSolvers\btDantzigSolver.h">
      <Filter>Bullet</Filter>
    </ClInclude>
    <ClInclude Include="Bullet\include\BulletCollision\BroadphaseCollision\btDbvt.h">
      <Filter>Bullet</Filter>
    </ClInclude>
    <ClInclude Include="Bullet\include\BulletCollision\BroadphaseCollision\btDbvtBroadphase.h">
      <Filter>Bullet</Filter>
    </ClInclude>
    <ClInclude Include="Bullet\include\BulletCollision\CollisionDispatch\btDefaultCollisionConfiguration.h">
      <Filter>Bullet</Filter>
    </ClInclude>
    <ClInclude Include="Bullet\include\LinearMath\btDefaultMotionState.h">
      <Filter>Bullet</Filter>
    </ClInclude>
    <ClInclude Include="Bullet\include\BulletSoftBody\btDefaultSoftBodySolver.h">
      <Filter>Bullet</Filter>
    </ClInclude>
    <ClInclude Include="Bullet\include\BulletCollision\NarrowPhaseCollision\btDiscreteCollisionDetectorInterface.h">
      <Filter>Bullet</Filter>
    </ClInclude>
    <ClInclude Include="Bullet\include\BulletDynamics\Dynamics\btDiscreteDynamicsWorld.h">
      <Filter>Bullet</Filter>
    </ClInclude>
    <ClInclude Include="Bullet\include\BulletCollision\BroadphaseCollision\btDispatcher.h">
      <Filter>Bullet</Filter>
    </ClInclude>
    <ClInclude Include="Bullet\include\BulletDynamics\Dynamics\btDynamicsWorld.h">
      <Filter>Bullet</Filter>
    </ClInclude>
    <ClInclude Include="Bullet\include\BulletCollision\CollisionDispatch\btEmptyCollisionAlgorithm.h">
      <Filter>Bullet</Filter>
    </ClInclude>
    <ClInclude Include="Bullet\include\BulletCollision\CollisionShapes\btEmptyShape.h">
      <Filter>Bullet</Filter>
    </ClInclude>
    <ClInclude Include="Bullet\include\BulletDynamics\ConstraintSolver\btFixedConstraint.h">
      <Filter>Bullet</Filter>
    </ClInclude>
    <ClInclude Include="Bullet\include\BulletDynamics\ConstraintSolver\btGearConstraint.h">
      <Filter>Bullet</Filter>
    </ClInclude>
    <ClInclude Include="Bullet\include\BulletDynamics\ConstraintSolver\btGeneric6DofConstraint.h">
      <Filter>Bullet</Filter>
    </ClInclude>
    <ClInclude Include="Bullet\include\BulletDynamics\ConstraintSolver\btGeneric6DofSpring2Constraint.h">
      <Filter>Bullet</Filter>
    </ClInclude>
    <ClInclude Include="Bullet\include\BulletDynamics\ConstraintSolver\btGeneric6DofSpringConstraint.h">
      <Filter>Bullet</Filter>
    </ClInclude>
    <ClInclude Include="Bullet\include\BulletCollision\Gimpact\btGenericPoolAllocator.h">
      <Filter>Bullet</Filter>
    </ClInclude>
    <ClInclude Include="Bullet\include\BulletCollision\Gimpact\btGeometryOperations.h">
      <Filter>Bullet</Filter>
    </ClInclude>
    <ClInclude Include="Bullet\include\LinearMath\btGeometryUtil.h">
      <Filter>Bullet</Filter>
    </ClInclude>
    <ClInclude Include="Bullet\include\BulletCollision\CollisionDispatch\btGhostObject.h">
      <Filter>Bullet</Filter>
    </ClInclude>
    <ClInclude Include="Bullet\include\BulletCollision\Gimpact\btGImpactBvh.h">
      <Filter>Bullet</Filter>
    </ClInclude>
    <ClInclude Include="Bullet\include\BulletCollision\Gimpact\btGImpactCollisionAlgorithm.h">
      <Filter>Bullet</Filter>
    </ClInclude>
    <ClInclude Include="Bullet\include\BulletCollision\Gimpact\btGImpactMassUtil.h">
      <Filter>Bullet</Filter>
    </ClInclude>
    <ClInclude Include="Bullet\include\BulletCollision\Gimpact\btGImpactQuantizedBvh.h">
      <Filter>Bullet</Filter>
    </ClInclude>
    <ClInclude Include="Bullet\include\BulletCollision\Gimpact\btGImpactShape.h">
      <Filter>Bullet</Filter>
    </ClInclude>
    <ClInclude Include="Bullet\include\BulletCollision\NarrowPhaseCollision\btGjkCollisionDescription.h">
      <Filter>Bullet</Filter>
    </ClInclude>
    <ClInclude Include="Bullet\include\BulletCollision\NarrowPhaseCollision\btGjkConvexCast.h">
      <Filter>Bullet</Filter>
    </ClInclude>
    <ClInclude Include="Bullet\include\BulletCollision\NarrowPhaseCollision\btGjkEpa2.h">
      <Filter>Bullet</Filter>
    </ClInclude>
    <ClInclude Include="Bullet\include\BulletCollision\NarrowPhaseCollision\btGjkEpa3.h">
      <Filter>Bullet</Filter>
    </ClInclude>
    <ClInclude Include="Bullet\include\BulletCollision\NarrowPhaseCollision\btGjkEpaPenetrationDepthSolver.h">
      <Filter>Bullet</Filter>
    </ClInclude>
    <ClInclude Include="Bullet\include\BulletCollision\NarrowPhaseCollision\btGjkPairDetector.h">
      <Filter>Bullet</Filter>
    </ClInclude>
    <ClInclude Include="Bullet\include\LinearMath\btGrahamScan2dConvexHull.h">
      <Filter>Bullet</Filter>
    </ClInclude>
    <ClInclude Include="Bullet\include\BulletCollision\CollisionDispatch\btHashedSimplePairCache.h">
      <Filter>Bullet</Filter>
    </ClInclude>
    <ClInclude Include="Bullet\include\LinearMath\btHashMap.h">
      <Filter>Bullet</Filter>
    </ClInclude>
    <ClInclude Include="Bullet\include\BulletCollision\CollisionShapes\btHeightfieldTerrainShape.h">
      <Filter>Bullet</Filter>
    </ClInclude>
    <ClInclude Include="Bullet\include\BulletDynamics\ConstraintSolver\btHinge2Constraint.h">
      <Filter>Bullet</Filter>
    </ClInclude>
    <ClInclude Include="Bullet\include\BulletDynamics\ConstraintSolver\btHingeConstraint.h">
      <Filter>Bullet</Filter>
    </ClInclude>
    <ClInclude Include="Bullet\include\LinearMath\btIDebugDraw.h">
      <Filter>Bullet</Filter>
    </ClInclude>
    <ClInclude Include="Bullet\include\BulletCollision\CollisionDispatch\btInternalEdgeUtility.h">
      <Filter>Bullet</Filter>
    </ClInclude>
    <ClInclude Include="Bullet\include\BulletDynamics\ConstraintSolver\btJacobianEntry.h">
      <Filter>Bullet</Filter>
    </ClInclude>
    <ClInclude Include="Bullet\include\BulletDynamics\Character\btKinematicCharacterController.h">
      <Filter>Bullet</Filter>
    </ClInclude>
    <ClInclude Include="Bullet\include\BulletDynamics\MLCPSolvers\btLemkeAlgorithm.h">
      <Filter>Bullet</Filter>
    </ClInclude>
    <ClInclude Include="Bullet\include\BulletDynamics\MLCPSolvers\btLemkeSolver.h">
      <Filter>Bullet</Filter>
    </ClInclude>
    <ClInclude Include="Bullet\include\LinearMath\btList.h">
      <Filter>Bullet</Filter>
    </ClInclude>
    <ClInclude Include="Bullet\include\BulletCollision\NarrowPhaseCollision\btManifoldPoint.h">
      <Filter>Bullet</Filter>
    </ClInclude>
    <ClInclude Include="Bullet\include\BulletCollision\CollisionDispatch\btManifoldResult.h">
      <Filter>Bullet</Filter>
    </ClInclude>
    <ClInclude Include="Bullet\include\BulletCollision\CollisionShapes\btMaterial.h">
      <Filter>Bullet</Filter>
    </ClInclude>
    <ClInclude Include="Bullet\include\LinearMath\btMatrix3x3.h">
      <Filter>Bullet</Filter>
    </ClInclude>
    <ClInclude Include="Bullet\include\LinearMath\btMatrixX.h">
      <Filter>Bullet</Filter>
    </ClInclude>
    <ClInclude Include="Bullet\include\BulletCollision\NarrowPhaseCollision\btMinkowskiPenetrationDepthSolver.h">
      <Filter>Bullet</Filter>
    </ClInclude>
    <ClInclude Include="Bullet\include\BulletCollision\CollisionShapes\btMinkowskiSumShape.h">
      <Filter>Bullet</Filter>
    </ClInclude>
    <ClInclude Include="Bullet\include\LinearMath\btMinMax.h">
      <Filter>Bullet</Filter>
    </ClInclude>
    <ClInclude Include="Bullet\include\BulletDynamics\MLCPSolvers\btMLCPSolver.h">
      <Filter>Bullet</Filter>
    </ClInclude>
    <ClInclude Include="Bullet\include\BulletDynamics\MLCPSolvers\btMLCPSolverInterface.h">
      <Filter>Bullet</Filter>
    </ClInclude>
    <ClInclude Include="Bullet\include\LinearMath\btMotionState.h">
      <Filter>Bullet</Filter>
    </ClInclude>
    <ClInclude Include="Bullet\include\BulletCollision\NarrowPhaseCollision\btMprPenetration.h">
      <Filter>Bullet</Filter>
    </ClInclude>
    <ClInclude Include="Bullet\include\BulletDynamics\Featherstone\btMultiBody.h">
      <Filter>Bullet</Filter>
    </ClInclude>
    <ClInclude Include="Bullet\include\BulletDynamics\Featherstone\btMultiBodyConstraint.h">
      <Filter>Bullet</Filter>
    </ClInclude>
    <ClInclude Include="Bullet\include\BulletDynamics\Featherstone\btMultiBodyConstraintSolver.h">
      <Filter>Bullet</Filter>
    </ClInclude>
    <ClInclude Include="Bullet\include\BulletDynamics\Featherstone\btMultiBodyDynamicsWorld.h">
      <Filter>Bullet</Filter>
    </ClInclude>
    <ClInclude Include="Bullet\include\BulletDynamics\Featherstone\btMultiBodyJointFeedback.h">
      <Filter>Bullet</Filter>
    </ClInclude>
    <ClInclude Include="Bullet\include\BulletDynamics\Featherstone\btMultiBodyJointLimitConstraint.h">
      <Filter>Bullet</Filter>
    </ClInclude>
    <ClInclude Include="Bullet\include\BulletDynamics\Featherstone\btMultiBodyJointMotor.h">
      <Filter>Bullet</Filter>
    </ClInclude>
    <ClInclude Include="Bullet\include\BulletDynamics\Featherstone\btMultiBodyLink.h">
      <Filter>Bullet</Filter>
    </ClInclude>
    <ClInclude Include="Bullet\include\BulletDynamics\Featherstone\btMultiBodyLinkCollider.h">
      <Filter>Bullet</Filter>
    </ClInclude>
    <ClInclude Include="Bullet\include\BulletDynamics\Featherstone\btMultiBodyPoint2Point.h">
      <Filter>Bullet</Filter>
    </ClInclude>
    <ClInclude Include="Bullet\include\BulletDynamics\Featherstone\btMultiBodySolverConstraint.h">
      <Filter>Bullet</Filter>
    </ClInclude>
    <ClInclude Include="Bullet\include\BulletCollision\CollisionShapes\btMultimaterialTriangleMeshShape.h">
      <Filter>Bullet</Filter>
    </ClInclude>
    <ClInclude Include="Bullet\include\BulletCollision\BroadphaseCollision\btMultiSapBroadphase.h">
      <Filter>Bullet</Filter>
    </ClInclude>
    <ClInclude Include="Bullet\include\BulletCollision\CollisionShapes\btMultiSphereShape.h">
      <Filter>Bullet</Filter>
    </ClInclude>
    <ClInclude Include="Bullet\include\BulletDynamics\ConstraintSolver\btNNCGConstraintSolver.h">
      <Filter>Bullet</Filter>
    </ClInclude>
    <ClInclude Include="Bullet\include\BulletCollision\CollisionShapes\btOptimizedBvh.h">
      <Filter>Bullet</Filter>
    </ClInclude>
    <ClInclude Include="Bullet\include\BulletCollision\BroadphaseCollision\btOverlappingPairCache.h">
      <Filter>Bullet</Filter>
    </ClInclude>
    <ClInclude Include="Bullet\include\BulletCollision\BroadphaseCollision\btOverlappingPairCallback.h">
      <Filter>Bullet</Filter>
    </ClInclude>
    <ClInclude Include="Bullet\include\BulletDynamics\MLCPSolvers\btPATHSolver.h">
      <Filter>Bullet</Filter>
    </ClInclude>
    <ClInclude Include="Bullet\include\BulletCollision\NarrowPhaseCollision\btPersistentManifold.h">
      <Filter>Bullet</Filter>
    </ClInclude>
    <ClInclude Include="Bullet\include\BulletDynamics\ConstraintSolver\btPoint2PointConstraint.h">
      <Filter>Bullet</Filter>
    </ClInclude>
    <ClInclude Include="Bullet\include\BulletCollision\NarrowPhaseCollision\btPointCollector.h">
      <Filter>Bullet</Filter>
    </ClInclude>
    <ClInclude Include="Bullet\include\LinearMath\btPolarDecomposition.h">
      <Filter>Bullet</Filter>
    </ClInclude>
    <ClInclude Include="Bullet\include\BulletCollision\NarrowPhaseCollision\btPolyhedralContactClipping.h">
      <Filter>Bullet</Filter>
    </ClInclude>
    <ClInclude Include="Bullet\include\BulletCollision\CollisionShapes\btPolyhedralConvexShape.h">
      <Filter>Bullet</Filter>
    </ClInclude>
    <ClInclude Include="Bullet\include\LinearMath\btPoolAllocator.h">
      <Filter>Bullet</Filter>
    </ClInclude>
    <ClInclude Include="Bullet\include\LinearMath\btQuadWord.h">
      <Filter>Bullet</Filter>
    </ClInclude>
    <ClInclude Include="Bullet\include\BulletCollision\Gimpact\btQuantization.h">
      <Filter>Bullet</Filter>
    </ClInclude>
    <ClInclude Include="Bullet\include\BulletCollision\BroadphaseCollision\btQuantizedBvh.h">
      <Filter>Bullet</Filter>
    </ClInclude>
    <ClInclude Include="Bullet\include\LinearMath\btQuaternion.h">
      <Filter>Bullet</Filter>
    </ClInclude>
    <ClInclude Include="Bullet\include\LinearMath\btQuickprof.h">
      <Filter>Bullet</Filter>
    </ClInclude>
    <ClInclude Include="Bullet\include\LinearMath\btRandom.h">
      <Filter>Bullet</Filter>
    </ClInclude>
    <ClInclude Include="Bullet\include\BulletCollision\NarrowPhaseCollision\btRaycastCallback.h">
      <Filter>Bullet</Filter>
    </ClInclude>
    <ClInclude Include="Bullet\include\BulletDynamics\Vehicle\btRaycastVehicle.h">
      <Filter>Bullet</Filter>
    </ClInclude>
    <ClInclude Include="Bullet\include\BulletDynamics\Dynamics\btRigidBody.h">
      <Filter>Bullet</Filter>
    </ClInclude>
    <ClInclude Include="Bullet\include\LinearMath\btScalar.h">
      <Filter>Bullet</Filter>
    </ClInclude>
    <ClInclude Include="Bullet\include\BulletCollision\CollisionShapes\btScaledBvhTriangleMeshShape.h">
      <Filter>Bullet</Filter>
    </ClInclude>
    <ClInclude Include="Bullet\include\BulletDynamics\ConstraintSolver\btSequentialImpulseConstraintSolver.h">
      <Filter>Bullet</Filter>
    </ClInclude>
    <ClInclude Include="Bullet\include\LinearMath\btSerializer.h">
      <Filter>Bullet</Filter>
    </ClInclude>
    <ClInclude Include="Bullet\include\BulletCollision\CollisionShapes\btShapeHull.h">
      <Filter>Bullet</Filter>
    </ClInclude>
    <ClInclude Include="Bullet\include\BulletCollision\BroadphaseCollision\btSimpleBroadphase.h">
      <Filter>Bullet</Filter>
    </ClInclude>
    <ClInclude Include="Bullet\include\BulletDynamics\Dynamics\btSimpleDynamicsWorld.h">
      <Filter>Bullet</Filter>
    </ClInclude>
    <ClInclude Include="Bullet\include\BulletCollision\NarrowPhaseCollision\btSimplexSolverInterface.h">
      <Filter>Bullet</Filter>
    </ClInclude>
    <ClInclude Include="Bullet\include\BulletCollision\CollisionDispatch\btSimulationIslandManager.h">
      <Filter>Bullet</Filter>
    </ClInclude>
    <ClInclude Include="Bullet\include\BulletDynamics\ConstraintSolver\btSliderConstraint.h">
      <Filter>Bullet</Filter>
    </ClInclude>
    <ClInclude Include="Bullet\include\BulletSoftBody\btSoftBody.h">
      <Filter>Bullet</Filter>
    </ClInclude>
    <ClInclude Include="Bullet\include\BulletSoftBody\btSoftBodyConcaveCollisionAlgorithm.h">
      <Filter>Bullet</Filter>
    </ClInclude>
    <ClInclude Include="Bullet\include\BulletSoftBody\btSoftBodyData.h">
      <Filter>Bullet</Filter>
    </ClInclude>
    <ClInclude Include="Bullet\include\BulletSoftBody\btSoftBodyHelpers.h">
      <Filter>Bullet</Filter>
    </ClInclude>
    <ClInclude Include="Bullet\include\BulletSoftBody\btSoftBodyInternals.h">
      <Filter>Bullet</Filter>
    </ClInclude>
    <ClInclude Include="Bullet\include\BulletSoftBody\btSoftBodyRigidBodyCollisionConfiguration.h">
      <Filter>Bullet</Filter>
    </ClInclude>
    <ClInclude Include="Bullet\include\BulletSoftBody\btSoftBodySolvers.h">
      <Filter>Bullet</Filter>
    </ClInclude>
    <ClInclude Include="Bullet\include\BulletSoftBody\btSoftBodySolverVertexBuffer.h">
      <Filter>Bullet</Filter>
    </ClInclude>
    <ClInclude Include="Bullet\include\BulletSoftBody\btSoftRigidCollisionAlgorithm.h">
      <Filter>Bullet</Filter>
    </ClInclude>
    <ClInclude Include="Bullet\include\BulletSoftBody\btSoftRigidDynamicsWorld.h">
      <Filter>Bullet</Filter>
    </ClInclude>
    <ClInclude Include="Bullet\include\BulletSoftBody\btSoftSoftCollisionAlgorithm.h">
      <Filter>Bullet</Filter>
    </ClInclude>
    <ClInclude Include="Bullet\include\BulletDynamics\ConstraintSolver\btSolve2LinearConstraint.h">
      <Filter>Bullet</Filter>
    </ClInclude>
    <ClInclude Include="Bullet\include\BulletDynamics\MLCPSolvers\btSolveProjectedGaussSeidel.h">
      <Filter>Bullet</Filter>
    </ClInclude>
    <ClInclude Include="Bullet\include\BulletDynamics\ConstraintSolver\btSolverBody.h">
      <Filter>Bullet</Filter>
    </ClInclude>
    <ClInclude Include="Bullet\include\BulletDynamics\ConstraintSolver\btSolverConstraint.h">
      <Filter>Bullet</Filter>
    </ClInclude>
    <ClInclude Include="Bullet\include\BulletSoftBody\btSparseSDF.h">
      <Filter>Bullet</Filter>
    </ClInclude>
    <ClInclude Include="Bullet\include\LinearMath\btSpatialAlgebra.h">
      <Filter>Bullet</Filter>
    </ClInclude>
    <ClInclude Include="Bullet\include\BulletCollision\CollisionDispatch\btSphereBoxCollisionAlgorithm.h">
      <Filter>Bullet</Filter>
    </ClInclude>
    <ClInclude Include="Bullet\include\BulletCollision\CollisionShapes\btSphereShape.h">
      <Filter>Bullet</Filter>
    </ClInclude>
    <ClInclude Include="Bullet\include\BulletCollision\CollisionDispatch\btSphereSphereCollisionAlgorithm.h">
      <Filter>Bullet</Filter>
    </ClInclude>
    <ClInclude Include="Bullet\include\BulletCollision\CollisionDispatch\btSphereTriangleCollisionAlgorithm.h">
      <Filter>Bullet</Filter>
    </ClInclude>
    <ClInclude Include="Bullet\include\LinearMath\btStackAlloc.h">
      <Filter>Bullet</Filter>
    </ClInclude>
    <ClInclude Include="Bullet\include\BulletCollision\CollisionShapes\btStaticPlaneShape.h">
      <Filter>Bullet</Filter>
    </ClInclude>
    <ClInclude Include="Bullet\include\BulletCollision\CollisionShapes\btStridingMeshInterface.h">
      <Filter>Bullet</Filter>
    </ClInclude>
    <ClInclude Include="Bullet\include\BulletCollision\NarrowPhaseCollision\btSubSimplexConvexCast.h">
      <Filter>Bullet</Filter>
    </ClInclude>
    <ClInclude Include="Bullet\include\BulletCollision\CollisionShapes\btTetrahedronShape.h">
      <Filter>Bullet</Filter>
    </ClInclude>
    <ClInclude Include="Bullet\include\LinearMath\btTransform.h">
      <Filter>Bullet</Filter>
    </ClInclude>
    <ClInclude Include="Bullet\include\LinearMath\btTransformUtil.h">
      <Filter>Bullet</Filter>
    </ClInclude>
    <ClInclude Include="Bullet\include\BulletCollision\CollisionShapes\btTriangleBuffer.h">
      <Filter>Bullet</Filter>
    </ClInclude>
    <ClInclude Include="Bullet\include\BulletCollision\CollisionShapes\btTriangleCallback.h">
      <Filter>Bullet</Filter>
    </ClInclude>
    <ClInclude Include="Bullet\include\BulletCollision\CollisionShapes\btTriangleIndexVertexArray.h">
      <Filter>Bullet</Filter>
    </ClInclude>
    <ClInclude Include="Bullet\include\BulletCollision\CollisionShapes\btTriangleIndexVertexMaterialArray.h">
      <Filter>Bullet</Filter>
    </ClInclude>
    <ClInclude Include="Bullet\include\BulletCollision\CollisionShapes\btTriangleInfoMap.h">
      <Filter>Bullet</Filter>
    </ClInclude>
    <ClInclude Include="Bullet\include\BulletCollision\CollisionShapes\btTriangleMesh.h">
      <Filter>Bullet</Filter>
    </ClInclude>
    <ClInclude Include="Bullet\include\BulletCollision\CollisionShapes\btTriangleMeshShape.h">
      <Filter>Bullet</Filter>
    </ClInclude>
    <ClInclude Include="Bullet\include\BulletCollision\CollisionShapes\btTriangleShape.h">
      <Filter>Bullet</Filter>
    </ClInclude>
    <ClInclude Include="Bullet\include\BulletCollision\Gimpact\btTriangleShapeEx.h">
      <Filter>Bullet</Filter>
    </ClInclude>
    <ClInclude Include="Bullet\include\BulletDynamics\ConstraintSolver\btTypedConstraint.h">
      <Filter>Bullet</Filter>
    </ClInclude>
    <ClInclude Include="Bullet\include\BulletCollision\CollisionShapes\btUniformScalingShape.h">
      <Filter>Bullet</Filter>
    </ClInclude>
    <ClInclude Include="Bullet\include\BulletCollision\CollisionDispatch\btUnionFind.h">
      <Filter>Bullet</Filter>
    </ClInclude>
    <ClInclude Include="Bullet\include\BulletDynamics\ConstraintSolver\btUniversalConstraint.h">
      <Filter>Bullet</Filter>
    </ClInclude>
    <ClInclude Include="Bullet\include\LinearMath\btVector3.h">
      <Filter>Bullet</Filter>
    </ClInclude>
    <ClInclude Include="Bullet\include\BulletDynamics\Vehicle\btVehicleRaycaster.h">
      <Filter>Bullet</Filter>
    </ClInclude>
    <ClInclude Include="Bullet\include\BulletCollision\NarrowPhaseCollision\btVoronoiSimplexSolver.h">
      <Filter>Bullet</Filter>
    </ClInclude>
    <ClInclude Include="Bullet\include\BulletDynamics\Vehicle\btWheelInfo.h">
      <Filter>Bullet</Filter>
    </ClInclude>
    <ClInclude Include="Bullet\include\BulletCollision\Gimpact\gim_array.h">
      <Filter>Bullet</Filter>
    </ClInclude>
    <ClInclude Include="Bullet\include\BulletCollision\Gimpact\gim_basic_geometry_operations.h">
      <Filter>Bullet</Filter>
    </ClInclude>
    <ClInclude Include="Bullet\include\BulletCollision\Gimpact\gim_bitset.h">
      <Filter>Bullet</Filter>
    </ClInclude>
    <ClInclude Include="Bullet\include\BulletCollision\Gimpact\gim_box_collision.h">
      <Filter>Bullet</Filter>
    </ClInclude>
    <ClInclude Include="Bullet\include\BulletCollision\Gimpact\gim_box_set.h">
      <Filter>Bullet</Filter>
    </ClInclude>
    <ClInclude Include="Bullet\include\BulletCollision\Gimpact\gim_clip_polygon.h">
      <Filter>Bullet</Filter>
    </ClInclude>
    <ClInclude Include="Bullet\include\BulletCollision\Gimpact\gim_contact.h">
      <Filter>Bullet</Filter>
    </ClInclude>
    <ClInclude Include="Bullet\include\BulletCollision\Gimpact\gim_geom_types.h">
      <Filter>Bullet</Filter>
    </ClInclude>
    <ClInclude Include="Bullet\include\BulletCollision\Gimpact\gim_geometry.h">
      <Filter>Bullet</Filter>
    </ClInclude>
    <ClInclude Include="Bullet\include\BulletCollision\Gimpact\gim_hash_table.h">
      <Filter>Bullet</Filter>
    </ClInclude>
    <ClInclude Include="Bullet\include\BulletCollision\Gimpact\gim_linear_math.h">
      <Filter>Bullet</Filter>
    </ClInclude>
    <ClInclude Include="Bullet\include\BulletCollision\Gimpact\gim_math.h">
      <Filter>Bullet</Filter>
    </ClInclude>
    <ClInclude Include="Bullet\include\BulletCollision\Gimpact\gim_memory.h">
      <Filter>Bullet</Filter>
    </ClInclude>
    <ClInclude Include="Bullet\include\BulletCollision\Gimpact\gim_radixsort.h">
      <Filter>Bullet</Filter>
    </ClInclude>
    <ClInclude Include="Bullet\include\BulletCollision\Gimpact\gim_tri_collision.h">
      <Filter>Bullet</Filter>
    </ClInclude>
    <ClInclude Include="Bullet\include\BulletCollision\CollisionDispatch\SphereTriangleDetector.h">
      <Filter>Bullet</Filter>
    </ClInclude>
  </ItemGroup>
  <ItemGroup>
    <Filter Include="Core Modules">
      <UniqueIdentifier>{76307c9d-9e18-4e3c-b2ac-6482ed729ac1}</UniqueIdentifier>
    </Filter>
    <Filter Include="Main">
      <UniqueIdentifier>{01990398-5ebc-4db5-a079-337c5872204e}</UniqueIdentifier>
    </Filter>
    <Filter Include="Utils">
      <UniqueIdentifier>{54d63224-7582-4967-af13-faf6d9fb6896}</UniqueIdentifier>
    </Filter>
    <Filter Include="Tools">
      <UniqueIdentifier>{5daf8790-d00d-4238-a5a9-5481544ea74e}</UniqueIdentifier>
    </Filter>
    <Filter Include="Tools\ImGui">
      <UniqueIdentifier>{dc834630-31fa-4058-9b35-b5ce874458df}</UniqueIdentifier>
    </Filter>
    <Filter Include="Tools\MathGeoLib">
      <UniqueIdentifier>{518663a2-fab0-4863-b5f4-7b2ccc11f4ae}</UniqueIdentifier>
    </Filter>
    <Filter Include="Tools\MathGeoLib\extras">
      <UniqueIdentifier>{736a41ac-0427-4592-b5ed-e9abc80ac705}</UniqueIdentifier>
    </Filter>
    <Filter Include="Tools\DevIL">
      <UniqueIdentifier>{ba033fd6-e8a6-47ac-a5e4-a63290c6eb20}</UniqueIdentifier>
    </Filter>
    <Filter Include="Tools\DevIL\Libs">
      <UniqueIdentifier>{4036ad05-9031-40a1-b00c-341977550b0f}</UniqueIdentifier>
    </Filter>
    <Filter Include="Tools\Brofiler">
      <UniqueIdentifier>{7bbf2961-314d-4933-bc47-72a4214b3365}</UniqueIdentifier>
    </Filter>
    <Filter Include="Tools\Brofiler\lib">
      <UniqueIdentifier>{b5782891-7807-4d87-8f82-f30dffc4abc1}</UniqueIdentifier>
    </Filter>
    <Filter Include="Tools\Importers">
      <UniqueIdentifier>{e9239b5b-2959-41fa-b6d2-04c970c5679e}</UniqueIdentifier>
    </Filter>
    <Filter Include="Resources">
      <UniqueIdentifier>{6f30d3a3-c155-4be9-836e-6fc1b95e3346}</UniqueIdentifier>
    </Filter>
    <Filter Include="Components">
      <UniqueIdentifier>{5e3035f3-ba3c-4b78-9de0-9c636fddaa98}</UniqueIdentifier>
    </Filter>
    <Filter Include="Tools\bass">
      <UniqueIdentifier>{d7aef5bc-8756-4b3e-acbb-281fd5f0bea5}</UniqueIdentifier>
    </Filter>
    <Filter Include="Tools\bass\include">
      <UniqueIdentifier>{ea64bfba-6b99-494e-aede-ead91c4c5a73}</UniqueIdentifier>
    </Filter>
    <Filter Include="Tools\bass\lib">
      <UniqueIdentifier>{4335f054-b0ac-4524-b2d0-471bc1b6c45b}</UniqueIdentifier>
    </Filter>
    <Filter Include="Tools\LUA">
      <UniqueIdentifier>{1d213bc9-31d2-4ed2-966b-e5fd59e5ee52}</UniqueIdentifier>
    </Filter>
    <Filter Include="Bullet">
      <UniqueIdentifier>{a2577604-5221-40f9-ba69-1428a91f24b9}</UniqueIdentifier>
    </Filter>
  </ItemGroup>
  <ItemGroup>
    <None Include="Mathgeolib\include\Math\TriangleMesh_IntersectRay_SSE.inl">
      <Filter>Tools\MathGeoLib\extras</Filter>
    </None>
    <None Include="Mathgeolib\include\Math\TriangleMesh_IntersectRay_CPP.inl">
      <Filter>Tools\MathGeoLib\extras</Filter>
    </None>
    <None Include="Mathgeolib\include\Math\TriangleMesh_IntersectRay_AVX.inl">
      <Filter>Tools\MathGeoLib\extras</Filter>
    </None>
    <None Include="Mathgeolib\include\Math\Matrix.inl">
      <Filter>Tools\MathGeoLib\extras</Filter>
    </None>
    <None Include="Mathgeolib\include\Math\Matrix.inl">
      <Filter>Tools\MathGeoLib\extras</Filter>
    </None>
    <None Include="Game\bass.dll">
      <Filter>Tools\bass\lib</Filter>
    </None>
    <None Include="Game\bassenc.dll">
      <Filter>Tools\bass\lib</Filter>
    </None>
    <None Include="Game\bassenc_ogg.dll">
      <Filter>Tools\bass\lib</Filter>
    </None>
    <None Include="LuaJIT-2.0.5\doc\changes.html">
      <Filter>Tools\LUA</Filter>
    </None>
    <None Include="LuaJIT-2.0.5\doc\contact.html">
      <Filter>Tools\LUA</Filter>
    </None>
    <None Include="LuaJIT-2.0.5\doc\ext_c_api.html">
      <Filter>Tools\LUA</Filter>
    </None>
    <None Include="LuaJIT-2.0.5\doc\ext_ffi.html">
      <Filter>Tools\LUA</Filter>
    </None>
    <None Include="LuaJIT-2.0.5\doc\ext_ffi_api.html">
      <Filter>Tools\LUA</Filter>
    </None>
    <None Include="LuaJIT-2.0.5\doc\ext_ffi_semantics.html">
      <Filter>Tools\LUA</Filter>
    </None>
    <None Include="LuaJIT-2.0.5\doc\ext_ffi_tutorial.html">
      <Filter>Tools\LUA</Filter>
    </None>
    <None Include="LuaJIT-2.0.5\doc\ext_jit.html">
      <Filter>Tools\LUA</Filter>
    </None>
    <None Include="LuaJIT-2.0.5\doc\extensions.html">
      <Filter>Tools\LUA</Filter>
    </None>
    <None Include="LuaJIT-2.0.5\doc\faq.html">
      <Filter>Tools\LUA</Filter>
    </None>
    <None Include="LuaJIT-2.0.5\doc\install.html">
      <Filter>Tools\LUA</Filter>
    </None>
    <None Include="LuaJIT-2.0.5\doc\luajit.html">
      <Filter>Tools\LUA</Filter>
    </None>
    <None Include="LuaJIT-2.0.5\doc\running.html">
      <Filter>Tools\LUA</Filter>
    </None>
    <None Include="LuaJIT-2.0.5\doc\status.html">
      <Filter>Tools\LUA</Filter>
    </None>
  </ItemGroup>
  <ItemGroup>
    <Library Include="DevIL\lib\x86\Release\DevIL.lib">
      <Filter>Tools\DevIL\Libs</Filter>
    </Library>
    <Library Include="DevIL\lib\x86\Release\ILUT.lib">
      <Filter>Tools\DevIL\Libs</Filter>
    </Library>
    <Library Include="DevIL\lib\x86\Release\ILU.lib">
      <Filter>Tools\DevIL\Libs</Filter>
    </Library>
    <Library Include="Brofiler\libx86\ProfilerCore32.lib">
      <Filter>Tools\Brofiler\lib</Filter>
    </Library>
    <Library Include="Bass\lib\bass.lib">
      <Filter>Tools\bass\lib</Filter>
    </Library>
    <Library Include="Bass\lib\bassenc.lib">
      <Filter>Tools\bass\lib</Filter>
    </Library>
    <Library Include="Bass\lib\bassenc_ogg.lib">
      <Filter>Tools\bass\lib</Filter>
    </Library>
    <Library Include="LuaJIT-2.0.5\src\lua51.lib">
      <Filter>Tools\LUA</Filter>
    </Library>
  </ItemGroup>
</Project>